
Microsoft Visual Studio Solution File, Format Version 12.00
# Visual Studio Version 16
VisualStudioVersion = 16.0.30907.101
MinimumVisualStudioVersion = 10.0.40219.1
Project("{FAE04EC0-301F-11D3-BF4B-00C04F79EFBC}") = "betterThanYou", "betterThanYou.csproj", "{A676E3EA-D218-4640-AAF7-CF754112D64C}"
EndProject
Global
	GlobalSection(SolutionConfigurationPlatforms) = preSolution
		Debug|Any CPU = Debug|Any CPU
		Release|Any CPU = Release|Any CPU
	EndGlobalSection
	GlobalSection(ProjectConfigurationPlatforms) = postSolution
		{A676E3EA-D218-4640-AAF7-CF754112D64C}.Debug|Any CPU.ActiveCfg = Debug|Any CPU
		{A676E3EA-D218-4640-AAF7-CF754112D64C}.Debug|Any CPU.Build.0 = Debug|Any CPU
		{A676E3EA-D218-4640-AAF7-CF754112D64C}.Release|Any CPU.ActiveCfg = Release|Any CPU
		{A676E3EA-D218-4640-AAF7-CF754112D64C}.Release|Any CPU.Build.0 = Release|Any CPU
	EndGlobalSection
	GlobalSection(SolutionProperties) = preSolution
		HideSolutionNode = FALSE
	EndGlobalSection
	GlobalSection(ExtensibilityGlobals) = postSolution
		SolutionGuid = {B286149C-F8AA-445E-9B7B-404164B1D221}
	EndGlobalSection
EndGlobal
